
Microsoft Visual Studio Solution File, Format Version 12.00
# Visual Studio Version 16
VisualStudioVersion = 16.0.31112.23
MinimumVisualStudioVersion = 10.0.40219.1
Project("{FAE04EC0-301F-11D3-BF4B-00C04F79EFBC}") = "ALX_CodingAssignment", "ALX_CodingAssignment\ALX_CodingAssignment.csproj", "{801B9F2B-4DCC-4204-9FD8-0080CA55B962}"
EndProject
Project("{FAE04EC0-301F-11D3-BF4B-00C04F79EFBC}") = "ALX_CodingAssignment_Test", "ALX_CodingAssignment_Test\ALX_CodingAssignment_Test.csproj", "{7EB4A1FC-87AB-4427-A7A2-D4A884A3AA43}"
EndProject
Global
	GlobalSection(SolutionConfigurationPlatforms) = preSolution
		Debug|Any CPU = Debug|Any CPU
		Release|Any CPU = Release|Any CPU
	EndGlobalSection
	GlobalSection(ProjectConfigurationPlatforms) = postSolution
		{801B9F2B-4DCC-4204-9FD8-0080CA55B962}.Debug|Any CPU.ActiveCfg = Debug|Any CPU
		{801B9F2B-4DCC-4204-9FD8-0080CA55B962}.Debug|Any CPU.Build.0 = Debug|Any CPU
		{801B9F2B-4DCC-4204-9FD8-0080CA55B962}.Release|Any CPU.ActiveCfg = Release|Any CPU
		{801B9F2B-4DCC-4204-9FD8-0080CA55B962}.Release|Any CPU.Build.0 = Release|Any CPU
		{7EB4A1FC-87AB-4427-A7A2-D4A884A3AA43}.Debug|Any CPU.ActiveCfg = Debug|Any CPU
		{7EB4A1FC-87AB-4427-A7A2-D4A884A3AA43}.Debug|Any CPU.Build.0 = Debug|Any CPU
		{7EB4A1FC-87AB-4427-A7A2-D4A884A3AA43}.Release|Any CPU.ActiveCfg = Release|Any CPU
		{7EB4A1FC-87AB-4427-A7A2-D4A884A3AA43}.Release|Any CPU.Build.0 = Release|Any CPU
	EndGlobalSection
	GlobalSection(SolutionProperties) = preSolution
		HideSolutionNode = FALSE
	EndGlobalSection
	GlobalSection(ExtensibilityGlobals) = postSolution
		SolutionGuid = {DE663B55-E090-4454-B8C2-2F8B634C5437}
	EndGlobalSection
EndGlobal
